
Microsoft Visual Studio Solution File, Format Version 12.00
# Visual Studio Version 16
VisualStudioVersion = 16.0.32901.82
MinimumVisualStudioVersion = 10.0.40219.1
Project("{FAE04EC0-301F-11D3-BF4B-00C04F79EFBC}") = "VendasWebMVC", "VendasWebMVC\VendasWebMVC.csproj", "{1087FDF0-8853-47AA-A4A1-9C8A2FB4B5E4}"
EndProject
Global
	GlobalSection(SolutionConfigurationPlatforms) = preSolution
		Debug|Any CPU = Debug|Any CPU
		Release|Any CPU = Release|Any CPU
	EndGlobalSection
	GlobalSection(ProjectConfigurationPlatforms) = postSolution
		{1087FDF0-8853-47AA-A4A1-9C8A2FB4B5E4}.Debug|Any CPU.ActiveCfg = Debug|Any CPU
		{1087FDF0-8853-47AA-A4A1-9C8A2FB4B5E4}.Debug|Any CPU.Build.0 = Debug|Any CPU
		{1087FDF0-8853-47AA-A4A1-9C8A2FB4B5E4}.Release|Any CPU.ActiveCfg = Release|Any CPU
		{1087FDF0-8853-47AA-A4A1-9C8A2FB4B5E4}.Release|Any CPU.Build.0 = Release|Any CPU
	EndGlobalSection
	GlobalSection(SolutionProperties) = preSolution
		HideSolutionNode = FALSE
	EndGlobalSection
	GlobalSection(ExtensibilityGlobals) = postSolution
		SolutionGuid = {354EA323-D7B6-4942-8CC5-187F26EA6B9F}
	EndGlobalSection
EndGlobal
